
Microsoft Visual Studio Solution File, Format Version 12.00
# Visual Studio Version 17
VisualStudioVersion = 17.12.35527.113
MinimumVisualStudioVersion = 10.0.40219.1
Project("{FAE04EC0-301F-11D3-BF4B-00C04F79EFBC}") = "CoffeeHouseAPI", "CoffeeHouseAPI\CoffeeHouseAPI.csproj", "{082C6920-E1D2-4CC3-A03F-4E5DF89B9E36}"
EndProject
Project("{FAE04EC0-301F-11D3-BF4B-00C04F79EFBC}") = "CoffeeHouseLib", "CoffeeHouseLib\CoffeeHouseLib.csproj", "{F553D2D9-51E3-44AF-9FFA-DEFDAE4751EB}"
EndProject
Project("{E53339B2-1760-4266-BCC7-CA923CBCF16C}") = "docker-compose", "docker-compose.dcproj", "{D606841F-99FF-4CA2-B5B9-722A071D1FB7}"
EndProject
Global
	GlobalSection(SolutionConfigurationPlatforms) = preSolution
		Debug|Any CPU = Debug|Any CPU
		Release|Any CPU = Release|Any CPU
	EndGlobalSection
	GlobalSection(ProjectConfigurationPlatforms) = postSolution
		{082C6920-E1D2-4CC3-A03F-4E5DF89B9E36}.Debug|Any CPU.ActiveCfg = Debug|Any CPU
		{082C6920-E1D2-4CC3-A03F-4E5DF89B9E36}.Debug|Any CPU.Build.0 = Debug|Any CPU
		{082C6920-E1D2-4CC3-A03F-4E5DF89B9E36}.Release|Any CPU.ActiveCfg = Release|Any CPU
		{082C6920-E1D2-4CC3-A03F-4E5DF89B9E36}.Release|Any CPU.Build.0 = Release|Any CPU
		{F553D2D9-51E3-44AF-9FFA-DEFDAE4751EB}.Debug|Any CPU.ActiveCfg = Debug|Any CPU
		{F553D2D9-51E3-44AF-9FFA-DEFDAE4751EB}.Debug|Any CPU.Build.0 = Debug|Any CPU
		{F553D2D9-51E3-44AF-9FFA-DEFDAE4751EB}.Release|Any CPU.ActiveCfg = Release|Any CPU
		{F553D2D9-51E3-44AF-9FFA-DEFDAE4751EB}.Release|Any CPU.Build.0 = Release|Any CPU
		{D606841F-99FF-4CA2-B5B9-722A071D1FB7}.Debug|Any CPU.ActiveCfg = Debug|Any CPU
		{D606841F-99FF-4CA2-B5B9-722A071D1FB7}.Debug|Any CPU.Build.0 = Debug|Any CPU
		{D606841F-99FF-4CA2-B5B9-722A071D1FB7}.Release|Any CPU.ActiveCfg = Release|Any CPU
		{D606841F-99FF-4CA2-B5B9-722A071D1FB7}.Release|Any CPU.Build.0 = Release|Any CPU
	EndGlobalSection
	GlobalSection(SolutionProperties) = preSolution
		HideSolutionNode = FALSE
	EndGlobalSection
EndGlobal
